Microsoft Visual Studio Solution File, Format Version 12.00
# Visual Studio Version 17
VisualStudioVersion = 17.5.2.0
MinimumVisualStudioVersion = 10.0.40219.1
Project("{FAE04EC0-301F-11D3-BF4B-00C04F79EFBC}") = "TransacaoFinanceira", "TransacaoFinanceira\TransacaoFinanceira.csproj", "{A7B9C7AE-B231-EAD5-AC3A-7E87441DB0EE}"
EndProject
Global
	GlobalSection(SolutionConfigurationPlatforms) = preSolution
		Debug|Any CPU = Debug|Any CPU
		Release|Any CPU = Release|Any CPU
	EndGlobalSection
	GlobalSection(ProjectConfigurationPlatforms) = postSolution
		{A7B9C7AE-B231-EAD5-AC3A-7E87441DB0EE}.Debug|Any CPU.ActiveCfg = Debug|Any CPU
		{A7B9C7AE-B231-EAD5-AC3A-7E87441DB0EE}.Debug|Any CPU.Build.0 = Debug|Any CPU
		{A7B9C7AE-B231-EAD5-AC3A-7E87441DB0EE}.Release|Any CPU.ActiveCfg = Release|Any CPU
		{A7B9C7AE-B231-EAD5-AC3A-7E87441DB0EE}.Release|Any CPU.Build.0 = Release|Any CPU
	EndGlobalSection
	GlobalSection(SolutionProperties) = preSolution
		HideSolutionNode = FALSE
	EndGlobalSection
	GlobalSection(ExtensibilityGlobals) = postSolution
		SolutionGuid = {4E619D51-BB43-419F-A45F-ADC26E1AF081}
	EndGlobalSection
EndGlobal
